// !$*UTF8*$!
{
	archiveVersion = 1;
	classes = {
	};
	objectVersion = 56;
	objects = {

/* Begin PBXBuildFile section */
		59135DA32A0C44D1005D5A9F /* Kingfisher in Frameworks */ = {isa = PBXBuildFile; productRef = 59135DA22A0C44D1005D5A9F /* Kingfisher */; };
		591823F629D8DE6C00ABE29A /* SingleImageViewController.swift in Sources */ = {isa = PBXBuildFile; fileRef = 591823F529D8DE6C00ABE29A /* SingleImageViewController.swift */; };
		592FA59529CA09BD008BF730 /* GradientView.swift in Sources */ = {isa = PBXBuildFile; fileRef = 592FA59429CA09BD008BF730 /* GradientView.swift */; };
		5936333929F2EB2B001BE590 /* SplashViewController.swift in Sources */ = {isa = PBXBuildFile; fileRef = 5936333829F2EB2B001BE590 /* SplashViewController.swift */; };
		5939E27829FD651A008E4D43 /* ProgressHUD in Frameworks */ = {isa = PBXBuildFile; productRef = 5939E27729FD651A008E4D43 /* ProgressHUD */; };
		593FDCB42A0D219C000F3B02 /* SwiftKeychainWrapper in Frameworks */ = {isa = PBXBuildFile; productRef = 593FDCB32A0D219C000F3B02 /* SwiftKeychainWrapper */; };
		593FDCB62A0D7998000F3B02 /* TabBarController.swift in Sources */ = {isa = PBXBuildFile; fileRef = 593FDCB52A0D7998000F3B02 /* TabBarController.swift */; };
		594D03D529FF05E100D107CA /* UIBlockingProgressHUD.swift in Sources */ = {isa = PBXBuildFile; fileRef = 594D03D429FF05E100D107CA /* UIBlockingProgressHUD.swift */; };
		5969CB7E2A0866400036D471 /* ProfileImageSevice.swift in Sources */ = {isa = PBXBuildFile; fileRef = 5969CB7D2A0866400036D471 /* ProfileImageSevice.swift */; };
		5969CB802A0866740036D471 /* ProfileImageServiceProtocol.swift in Sources */ = {isa = PBXBuildFile; fileRef = 5969CB7F2A0866740036D471 /* ProfileImageServiceProtocol.swift */; };
		5969CB822A0867240036D471 /* UserResult.swift in Sources */ = {isa = PBXBuildFile; fileRef = 5969CB812A0867240036D471 /* UserResult.swift */; };
		596F6BB629D638B600B72550 /* ProfileViewController.swift in Sources */ = {isa = PBXBuildFile; fileRef = 596F6BB529D638B600B72550 /* ProfileViewController.swift */; };
		59717E3B29F2E968007DAE4C /* AuthViewControllerDelegate.swift in Sources */ = {isa = PBXBuildFile; fileRef = 59717E3A29F2E968007DAE4C /* AuthViewControllerDelegate.swift */; };
		59717E3D29F2E9E7007DAE4C /* URLSession+Extensions.swift in Sources */ = {isa = PBXBuildFile; fileRef = 59717E3C29F2E9E7007DAE4C /* URLSession+Extensions.swift */; };
		59872E182A0054D9000F2BC6 /* ProfileServiceProtocol.swift in Sources */ = {isa = PBXBuildFile; fileRef = 59872E172A0054D9000F2BC6 /* ProfileServiceProtocol.swift */; };
		59872E1A2A0054E6000F2BC6 /* ProfileService.swift in Sources */ = {isa = PBXBuildFile; fileRef = 59872E192A0054E6000F2BC6 /* ProfileService.swift */; };
		59872E1C2A00550E000F2BC6 /* ProfileResult.swift in Sources */ = {isa = PBXBuildFile; fileRef = 59872E1B2A00550E000F2BC6 /* ProfileResult.swift */; };
		59872E1E2A0056B5000F2BC6 /* Profile.swift in Sources */ = {isa = PBXBuildFile; fileRef = 59872E1D2A0056B5000F2BC6 /* Profile.swift */; };
		5987B18429FB7240007DA4F2 /* AlertPresenter.swift in Sources */ = {isa = PBXBuildFile; fileRef = 5987B18329FB7240007DA4F2 /* AlertPresenter.swift */; };
		5987B18629FB724F007DA4F2 /* AlertPresenterProtocol.swift in Sources */ = {isa = PBXBuildFile; fileRef = 5987B18529FB724F007DA4F2 /* AlertPresenterProtocol.swift */; };
		5987B18829FB7285007DA4F2 /* AlertModel.swift in Sources */ = {isa = PBXBuildFile; fileRef = 5987B18729FB7285007DA4F2 /* AlertModel.swift */; };
		59890CCF29EC8F3000F56A5C /* WebViewViewControllerDelegate.swift in Sources */ = {isa = PBXBuildFile; fileRef = 59890CCE29EC8F3000F56A5C /* WebViewViewControllerDelegate.swift */; };
		59941BFE29C8982000AC5D3D /* ImagesListCell.swift in Sources */ = {isa = PBXBuildFile; fileRef = 59941BFD29C8982000AC5D3D /* ImagesListCell.swift */; };
		59A0374129C3911800AA8CC8 /* AppDelegate.swift in Sources */ = {isa = PBXBuildFile; fileRef = 59A0374029C3911800AA8CC8 /* AppDelegate.swift */; };
		59A0374329C3911800AA8CC8 /* SceneDelegate.swift in Sources */ = {isa = PBXBuildFile; fileRef = 59A0374229C3911800AA8CC8 /* SceneDelegate.swift */; };
		59A0374529C3911800AA8CC8 /* ImagesListViewController.swift in Sources */ = {isa = PBXBuildFile; fileRef = 59A0374429C3911800AA8CC8 /* ImagesListViewController.swift */; };
		59A0374829C3911800AA8CC8 /* Main.storyboard in Resources */ = {isa = PBXBuildFile; fileRef = 59A0374629C3911800AA8CC8 /* Main.storyboard */; };
		59A0374A29C3911900AA8CC8 /* Assets.xcassets in Resources */ = {isa = PBXBuildFile; fileRef = 59A0374929C3911900AA8CC8 /* Assets.xcassets */; };
		59A0374D29C3911900AA8CC8 /* LaunchScreen.storyboard in Resources */ = {isa = PBXBuildFile; fileRef = 59A0374B29C3911900AA8CC8 /* LaunchScreen.storyboard */; };
		59A50CF12A1023A900057645 /* URLRequest+Extensions.swift in Sources */ = {isa = PBXBuildFile; fileRef = 59A50CF02A1023A900057645 /* URLRequest+Extensions.swift */; };
		59B2C7FD29EEDBA000BA1909 /* OAuthTokenResponseBody.swift in Sources */ = {isa = PBXBuildFile; fileRef = 59B2C7FC29EEDBA000BA1909 /* OAuthTokenResponseBody.swift */; };
		59B2C80029EF037D00BA1909 /* OAuth2Service.swift in Sources */ = {isa = PBXBuildFile; fileRef = 59B2C7FF29EF037D00BA1909 /* OAuth2Service.swift */; };
		59B2C80229EF039200BA1909 /* OAuth2ServiceProtocol.swift in Sources */ = {isa = PBXBuildFile; fileRef = 59B2C80129EF039200BA1909 /* OAuth2ServiceProtocol.swift */; };
		59B2C80429EF03BC00BA1909 /* OAuth2TokenStorage.swift in Sources */ = {isa = PBXBuildFile; fileRef = 59B2C80329EF03BC00BA1909 /* OAuth2TokenStorage.swift */; };
		59BD01CA29CB88D100EA1DBC /* Date+Extensions.swift in Sources */ = {isa = PBXBuildFile; fileRef = 59BD01C929CB88D100EA1DBC /* Date+Extensions.swift */; };
		59C1F16529E84E8000C071A1 /* Constants.swift in Sources */ = {isa = PBXBuildFile; fileRef = 59C1F16429E84E8000C071A1 /* Constants.swift */; };
		59D177E829EB303B002ADD68 /* AuthViewController.swift in Sources */ = {isa = PBXBuildFile; fileRef = 59D177E729EB303B002ADD68 /* AuthViewController.swift */; };
		59D177EB29EB4272002ADD68 /* WebViewViewController.swift in Sources */ = {isa = PBXBuildFile; fileRef = 59D177EA29EB4272002ADD68 /* WebViewViewController.swift */; };
/* End PBXBuildFile section */

/* Begin PBXFileReference section */
		591823F529D8DE6C00ABE29A /* SingleImageViewController.swift */ = {isa = PBXFileReference; lastKnownFileType = sourcecode.swift; path = SingleImageViewController.swift; sourceTree = "<group>"; };
		592FA59429CA09BD008BF730 /* GradientView.swift */ = {isa = PBXFileReference; lastKnownFileType = sourcecode.swift; path = GradientView.swift; sourceTree = "<group>"; };
		5936333829F2EB2B001BE590 /* SplashViewController.swift */ = {isa = PBXFileReference; lastKnownFileType = sourcecode.swift; path = SplashViewController.swift; sourceTree = "<group>"; };
		593FDCB52A0D7998000F3B02 /* TabBarController.swift */ = {isa = PBXFileReference; lastKnownFileType = sourcecode.swift; path = TabBarController.swift; sourceTree = "<group>"; };
		594D03D429FF05E100D107CA /* UIBlockingProgressHUD.swift */ = {isa = PBXFileReference; lastKnownFileType = sourcecode.swift; path = UIBlockingProgressHUD.swift; sourceTree = "<group>"; };
		5969CB7D2A0866400036D471 /* ProfileImageSevice.swift */ = {isa = PBXFileReference; lastKnownFileType = sourcecode.swift; path = ProfileImageSevice.swift; sourceTree = "<group>"; };
		5969CB7F2A0866740036D471 /* ProfileImageServiceProtocol.swift */ = {isa = PBXFileReference; lastKnownFileType = sourcecode.swift; path = ProfileImageServiceProtocol.swift; sourceTree = "<group>"; };
		5969CB812A0867240036D471 /* UserResult.swift */ = {isa = PBXFileReference; lastKnownFileType = sourcecode.swift; path = UserResult.swift; sourceTree = "<group>"; };
		596F6BB529D638B600B72550 /* ProfileViewController.swift */ = {isa = PBXFileReference; lastKnownFileType = sourcecode.swift; path = ProfileViewController.swift; sourceTree = "<group>"; };
		59717E3A29F2E968007DAE4C /* AuthViewControllerDelegate.swift */ = {isa = PBXFileReference; lastKnownFileType = sourcecode.swift; path = AuthViewControllerDelegate.swift; sourceTree = "<group>"; };
		59717E3C29F2E9E7007DAE4C /* URLSession+Extensions.swift */ = {isa = PBXFileReference; lastKnownFileType = sourcecode.swift; path = "URLSession+Extensions.swift"; sourceTree = "<group>"; };
		59872E172A0054D9000F2BC6 /* ProfileServiceProtocol.swift */ = {isa = PBXFileReference; lastKnownFileType = sourcecode.swift; path = ProfileServiceProtocol.swift; sourceTree = "<group>"; };
		59872E192A0054E6000F2BC6 /* ProfileService.swift */ = {isa = PBXFileReference; lastKnownFileType = sourcecode.swift; path = ProfileService.swift; sourceTree = "<group>"; };
		59872E1B2A00550E000F2BC6 /* ProfileResult.swift */ = {isa = PBXFileReference; lastKnownFileType = sourcecode.swift; path = ProfileResult.swift; sourceTree = "<group>"; };
		59872E1D2A0056B5000F2BC6 /* Profile.swift */ = {isa = PBXFileReference; lastKnownFileType = sourcecode.swift; path = Profile.swift; sourceTree = "<group>"; };
		5987B18329FB7240007DA4F2 /* AlertPresenter.swift */ = {isa = PBXFileReference; lastKnownFileType = sourcecode.swift; path = AlertPresenter.swift; sourceTree = "<group>"; };
		5987B18529FB724F007DA4F2 /* AlertPresenterProtocol.swift */ = {isa = PBXFileReference; lastKnownFileType = sourcecode.swift; path = AlertPresenterProtocol.swift; sourceTree = "<group>"; };
		5987B18729FB7285007DA4F2 /* AlertModel.swift */ = {isa = PBXFileReference; lastKnownFileType = sourcecode.swift; path = AlertModel.swift; sourceTree = "<group>"; };
		59890CCE29EC8F3000F56A5C /* WebViewViewControllerDelegate.swift */ = {isa = PBXFileReference; lastKnownFileType = sourcecode.swift; path = WebViewViewControllerDelegate.swift; sourceTree = "<group>"; };
		59941BFD29C8982000AC5D3D /* ImagesListCell.swift */ = {isa = PBXFileReference; lastKnownFileType = sourcecode.swift; path = ImagesListCell.swift; sourceTree = "<group>"; };
		59A0373D29C3911800AA8CC8 /* ImageFeed.app */ = {isa = PBXFileReference; explicitFileType = wrapper.application; includeInIndex = 0; path = ImageFeed.app; sourceTree = BUILT_PRODUCTS_DIR; };
		59A0374029C3911800AA8CC8 /* AppDelegate.swift */ = {isa = PBXFileReference; lastKnownFileType = sourcecode.swift; path = AppDelegate.swift; sourceTree = "<group>"; };
		59A0374229C3911800AA8CC8 /* SceneDelegate.swift */ = {isa = PBXFileReference; lastKnownFileType = sourcecode.swift; path = SceneDelegate.swift; sourceTree = "<group>"; };
		59A0374429C3911800AA8CC8 /* ImagesListViewController.swift */ = {isa = PBXFileReference; lastKnownFileType = sourcecode.swift; path = ImagesListViewController.swift; sourceTree = "<group>"; };
		59A0374729C3911800AA8CC8 /* Base */ = {isa = PBXFileReference; lastKnownFileType = file.storyboard; name = Base; path = Base.lproj/Main.storyboard; sourceTree = "<group>"; };
		59A0374929C3911900AA8CC8 /* Assets.xcassets */ = {isa = PBXFileReference; lastKnownFileType = folder.assetcatalog; path = Assets.xcassets; sourceTree = "<group>"; };
		59A0374C29C3911900AA8CC8 /* Base */ = {isa = PBXFileReference; lastKnownFileType = file.storyboard; name = Base; path = Base.lproj/LaunchScreen.storyboard; sourceTree = "<group>"; };
		59A0374E29C3911900AA8CC8 /* Info.plist */ = {isa = PBXFileReference; lastKnownFileType = text.plist.xml; path = Info.plist; sourceTree = "<group>"; };
		59A50CF02A1023A900057645 /* URLRequest+Extensions.swift */ = {isa = PBXFileReference; lastKnownFileType = sourcecode.swift; path = "URLRequest+Extensions.swift"; sourceTree = "<group>"; };
		59B2C7FC29EEDBA000BA1909 /* OAuthTokenResponseBody.swift */ = {isa = PBXFileReference; lastKnownFileType = sourcecode.swift; path = OAuthTokenResponseBody.swift; sourceTree = "<group>"; };
		59B2C7FF29EF037D00BA1909 /* OAuth2Service.swift */ = {isa = PBXFileReference; lastKnownFileType = sourcecode.swift; path = OAuth2Service.swift; sourceTree = "<group>"; };
		59B2C80129EF039200BA1909 /* OAuth2ServiceProtocol.swift */ = {isa = PBXFileReference; lastKnownFileType = sourcecode.swift; path = OAuth2ServiceProtocol.swift; sourceTree = "<group>"; };
		59B2C80329EF03BC00BA1909 /* OAuth2TokenStorage.swift */ = {isa = PBXFileReference; lastKnownFileType = sourcecode.swift; path = OAuth2TokenStorage.swift; sourceTree = "<group>"; };
		59BD01C929CB88D100EA1DBC /* Date+Extensions.swift */ = {isa = PBXFileReference; lastKnownFileType = sourcecode.swift; path = "Date+Extensions.swift"; sourceTree = "<group>"; };
		59C1F16429E84E8000C071A1 /* Constants.swift */ = {isa = PBXFileReference; lastKnownFileType = sourcecode.swift; path = Constants.swift; sourceTree = "<group>"; };
		59D177E729EB303B002ADD68 /* AuthViewController.swift */ = {isa = PBXFileReference; lastKnownFileType = sourcecode.swift; path = AuthViewController.swift; sourceTree = "<group>"; };
		59D177EA29EB4272002ADD68 /* WebViewViewController.swift */ = {isa = PBXFileReference; lastKnownFileType = sourcecode.swift; path = WebViewViewController.swift; sourceTree = "<group>"; };
/* End PBXFileReference section */

/* Begin PBXFrameworksBuildPhase section */
		59A0373A29C3911800AA8CC8 /* Frameworks */ = {
			isa = PBXFrameworksBuildPhase;
			buildActionMask = 2147483647;
			files = (
				59135DA32A0C44D1005D5A9F /* Kingfisher in Frameworks */,
				5939E27829FD651A008E4D43 /* ProgressHUD in Frameworks */,
				593FDCB42A0D219C000F3B02 /* SwiftKeychainWrapper in Frameworks */,
			);
			runOnlyForDeploymentPostprocessing = 0;
		};
/* End PBXFrameworksBuildPhase section */

/* Begin PBXGroup section */
		59A0373429C3911800AA8CC8 = {
			isa = PBXGroup;
			children = (
				59A0373F29C3911800AA8CC8 /* ImageFeed */,
				59A0373E29C3911800AA8CC8 /* Products */,
			);
			sourceTree = "<group>";
		};
		59A0373E29C3911800AA8CC8 /* Products */ = {
			isa = PBXGroup;
			children = (
				59A0373D29C3911800AA8CC8 /* ImageFeed.app */,
			);
			name = Products;
			sourceTree = "<group>";
		};
		59A0373F29C3911800AA8CC8 /* ImageFeed */ = {
			isa = PBXGroup;
			children = (
				59C1F16429E84E8000C071A1 /* Constants.swift */,
				59B2C7FB29EEDB7200BA1909 /* Models */,
				59D177E929EB4234002ADD68 /* Auth */,
				59A8C34829C79FF6003E77FF /* ImagesList */,
				59D2CC9729D8E1EA00657A80 /* SingleImage */,
				59DDFDBD29D78700008081EB /* Profile */,
				59B2C7FE29EEF97B00BA1909 /* Services */,
				59A0374629C3911800AA8CC8 /* Main.storyboard */,
				59BD01CB29CB89D400EA1DBC /* Helpers */,
				59A8C34729C79FB2003E77FF /* Resources */,
				59A0374029C3911800AA8CC8 /* AppDelegate.swift */,
				59A0374229C3911800AA8CC8 /* SceneDelegate.swift */,
				5936333829F2EB2B001BE590 /* SplashViewController.swift */,
				593FDCB52A0D7998000F3B02 /* TabBarController.swift */,
				594D03D429FF05E100D107CA /* UIBlockingProgressHUD.swift */,
			);
			path = ImageFeed;
			sourceTree = "<group>";
		};
		59A8C34729C79FB2003E77FF /* Resources */ = {
			isa = PBXGroup;
			children = (
				59A0374B29C3911900AA8CC8 /* LaunchScreen.storyboard */,
				59A0374929C3911900AA8CC8 /* Assets.xcassets */,
				59A0374E29C3911900AA8CC8 /* Info.plist */,
			);
			path = Resources;
			sourceTree = "<group>";
		};
		59A8C34829C79FF6003E77FF /* ImagesList */ = {
			isa = PBXGroup;
			children = (
				59941BFD29C8982000AC5D3D /* ImagesListCell.swift */,
				59A0374429C3911800AA8CC8 /* ImagesListViewController.swift */,
			);
			path = ImagesList;
			sourceTree = "<group>";
		};
		59B2C7FB29EEDB7200BA1909 /* Models */ = {
			isa = PBXGroup;
			children = (
				5987B18729FB7285007DA4F2 /* AlertModel.swift */,
				59B2C7FC29EEDBA000BA1909 /* OAuthTokenResponseBody.swift */,
				59872E1D2A0056B5000F2BC6 /* Profile.swift */,
				59872E1B2A00550E000F2BC6 /* ProfileResult.swift */,
				5969CB812A0867240036D471 /* UserResult.swift */,
			);
			path = Models;
			sourceTree = "<group>";
		};
		59B2C7FE29EEF97B00BA1909 /* Services */ = {
			isa = PBXGroup;
			children = (
				5987B18329FB7240007DA4F2 /* AlertPresenter.swift */,
				5987B18529FB724F007DA4F2 /* AlertPresenterProtocol.swift */,
				59B2C7FF29EF037D00BA1909 /* OAuth2Service.swift */,
				59B2C80129EF039200BA1909 /* OAuth2ServiceProtocol.swift */,
				59B2C80329EF03BC00BA1909 /* OAuth2TokenStorage.swift */,
				59872E192A0054E6000F2BC6 /* ProfileService.swift */,
				59872E172A0054D9000F2BC6 /* ProfileServiceProtocol.swift */,
				5969CB7D2A0866400036D471 /* ProfileImageSevice.swift */,
				5969CB7F2A0866740036D471 /* ProfileImageServiceProtocol.swift */,
			);
			path = Services;
			sourceTree = "<group>";
		};
		59BD01CB29CB89D400EA1DBC /* Helpers */ = {
			isa = PBXGroup;
			children = (
				59BD01C929CB88D100EA1DBC /* Date+Extensions.swift */,
				592FA59429CA09BD008BF730 /* GradientView.swift */,
				59A50CF02A1023A900057645 /* URLRequest+Extensions.swift */,
				59717E3C29F2E9E7007DAE4C /* URLSession+Extensions.swift */,
			);
			path = Helpers;
			sourceTree = "<group>";
		};
		59D177E929EB4234002ADD68 /* Auth */ = {
			isa = PBXGroup;
			children = (
				59D177E729EB303B002ADD68 /* AuthViewController.swift */,
				59717E3A29F2E968007DAE4C /* AuthViewControllerDelegate.swift */,
				59D177EA29EB4272002ADD68 /* WebViewViewController.swift */,
				59890CCE29EC8F3000F56A5C /* WebViewViewControllerDelegate.swift */,
			);
			path = Auth;
			sourceTree = "<group>";
		};
		59D2CC9729D8E1EA00657A80 /* SingleImage */ = {
			isa = PBXGroup;
			children = (
				591823F529D8DE6C00ABE29A /* SingleImageViewController.swift */,
			);
			path = SingleImage;
			sourceTree = "<group>";
		};
		59DDFDBD29D78700008081EB /* Profile */ = {
			isa = PBXGroup;
			children = (
				596F6BB529D638B600B72550 /* ProfileViewController.swift */,
			);
			path = Profile;
			sourceTree = "<group>";
		};
/* End PBXGroup section */

/* Begin PBXNativeTarget section */
		59A0373C29C3911800AA8CC8 /* ImageFeed */ = {
			isa = PBXNativeTarget;
			buildConfigurationList = 59A0375129C3911900AA8CC8 /* Build configuration list for PBXNativeTarget "ImageFeed" */;
			buildPhases = (
				59A0373929C3911800AA8CC8 /* Sources */,
				59A0373A29C3911800AA8CC8 /* Frameworks */,
				59A0373B29C3911800AA8CC8 /* Resources */,
			);
			buildRules = (
			);
			dependencies = (
			);
			name = ImageFeed;
			packageProductDependencies = (
				5939E27729FD651A008E4D43 /* ProgressHUD */,
				59135DA22A0C44D1005D5A9F /* Kingfisher */,
				593FDCB32A0D219C000F3B02 /* SwiftKeychainWrapper */,
			);
			productName = ImageFeed;
			productReference = 59A0373D29C3911800AA8CC8 /* ImageFeed.app */;
			productType = "com.apple.product-type.application";
		};
/* End PBXNativeTarget section */

/* Begin PBXProject section */
		59A0373529C3911800AA8CC8 /* Project object */ = {
			isa = PBXProject;
			attributes = {
				BuildIndependentTargetsInParallel = 1;
				LastSwiftUpdateCheck = 1420;
				LastUpgradeCheck = 1420;
				TargetAttributes = {
					59A0373C29C3911800AA8CC8 = {
						CreatedOnToolsVersion = 14.2;
					};
				};
			};
			buildConfigurationList = 59A0373829C3911800AA8CC8 /* Build configuration list for PBXProject "ImageFeed" */;
			compatibilityVersion = "Xcode 14.0";
			developmentRegion = en;
			hasScannedForEncodings = 0;
			knownRegions = (
				en,
				Base,
			);
			mainGroup = 59A0373429C3911800AA8CC8;
			packageReferences = (
				5939E27629FD651A008E4D43 /* XCRemoteSwiftPackageReference "ProgressHUD" */,
				59135DA12A0C44D1005D5A9F /* XCRemoteSwiftPackageReference "Kingfisher" */,
				593FDCB22A0D219C000F3B02 /* XCRemoteSwiftPackageReference "SwiftKeychainWrapper" */,
			);
			productRefGroup = 59A0373E29C3911800AA8CC8 /* Products */;
			projectDirPath = "";
			projectRoot = "";
			targets = (
				59A0373C29C3911800AA8CC8 /* ImageFeed */,
			);
		};
/* End PBXProject section */

/* Begin PBXResourcesBuildPhase section */
		59A0373B29C3911800AA8CC8 /* Resources */ = {
			isa = PBXResourcesBuildPhase;
			buildActionMask = 2147483647;
			files = (
				59A0374D29C3911900AA8CC8 /* LaunchScreen.storyboard in Resources */,
				59A0374A29C3911900AA8CC8 /* Assets.xcassets in Resources */,
				59A0374829C3911800AA8CC8 /* Main.storyboard in Resources */,
			);
			runOnlyForDeploymentPostprocessing = 0;
		};
/* End PBXResourcesBuildPhase section */

/* Begin PBXSourcesBuildPhase section */
		59A0373929C3911800AA8CC8 /* Sources */ = {
			isa = PBXSourcesBuildPhase;
			buildActionMask = 2147483647;
			files = (
				59A0374529C3911800AA8CC8 /* ImagesListViewController.swift in Sources */,
				59941BFE29C8982000AC5D3D /* ImagesListCell.swift in Sources */,
				5969CB7E2A0866400036D471 /* ProfileImageSevice.swift in Sources */,
				59D177E829EB303B002ADD68 /* AuthViewController.swift in Sources */,
				592FA59529CA09BD008BF730 /* GradientView.swift in Sources */,
				5969CB802A0866740036D471 /* ProfileImageServiceProtocol.swift in Sources */,
				594D03D529FF05E100D107CA /* UIBlockingProgressHUD.swift in Sources */,
				59D177EB29EB4272002ADD68 /* WebViewViewController.swift in Sources */,
				59B2C7FD29EEDBA000BA1909 /* OAuthTokenResponseBody.swift in Sources */,
				59B2C80029EF037D00BA1909 /* OAuth2Service.swift in Sources */,
				59717E3B29F2E968007DAE4C /* AuthViewControllerDelegate.swift in Sources */,
				59872E1A2A0054E6000F2BC6 /* ProfileService.swift in Sources */,
				59717E3D29F2E9E7007DAE4C /* URLSession+Extensions.swift in Sources */,
				59A50CF12A1023A900057645 /* URLRequest+Extensions.swift in Sources */,
				59A0374129C3911800AA8CC8 /* AppDelegate.swift in Sources */,
				59872E1C2A00550E000F2BC6 /* ProfileResult.swift in Sources */,
				593FDCB62A0D7998000F3B02 /* TabBarController.swift in Sources */,
				596F6BB629D638B600B72550 /* ProfileViewController.swift in Sources */,
				59B2C80229EF039200BA1909 /* OAuth2ServiceProtocol.swift in Sources */,
				59A0374329C3911800AA8CC8 /* SceneDelegate.swift in Sources */,
				591823F629D8DE6C00ABE29A /* SingleImageViewController.swift in Sources */,
				5936333929F2EB2B001BE590 /* SplashViewController.swift in Sources */,
				5987B18429FB7240007DA4F2 /* AlertPresenter.swift in Sources */,
				59B2C80429EF03BC00BA1909 /* OAuth2TokenStorage.swift in Sources */,
				59890CCF29EC8F3000F56A5C /* WebViewViewControllerDelegate.swift in Sources */,
				5969CB822A0867240036D471 /* UserResult.swift in Sources */,
				59872E182A0054D9000F2BC6 /* ProfileServiceProtocol.swift in Sources */,
				59BD01CA29CB88D100EA1DBC /* Date+Extensions.swift in Sources */,
				5987B18629FB724F007DA4F2 /* AlertPresenterProtocol.swift in Sources */,
				5987B18829FB7285007DA4F2 /* AlertModel.swift in Sources */,
				59872E1E2A0056B5000F2BC6 /* Profile.swift in Sources */,
				59C1F16529E84E8000C071A1 /* Constants.swift in Sources */,
			);
			runOnlyForDeploymentPostprocessing = 0;
		};
/* End PBXSourcesBuildPhase section */

/* Begin PBXVariantGroup section */
		59A0374629C3911800AA8CC8 /* Main.storyboard */ = {
			isa = PBXVariantGroup;
			children = (
				59A0374729C3911800AA8CC8 /* Base */,
			);
			name = Main.storyboard;
			sourceTree = "<group>";
		};
		59A0374B29C3911900AA8CC8 /* LaunchScreen.storyboard */ = {
			isa = PBXVariantGroup;
			children = (
				59A0374C29C3911900AA8CC8 /* Base */,
			);
			name = LaunchScreen.storyboard;
			sourceTree = "<group>";
		};
/* End PBXVariantGroup section */

/* Begin XCBuildConfiguration section */
		59A0374F29C3911900AA8CC8 /* Debug */ = {
			isa = XCBuildConfiguration;
			buildSettings = {
				ALWAYS_SEARCH_USER_PATHS = NO;
				CLANG_ANALYZER_NONNULL = YES;
				CLANG_ANALYZER_NUMBER_OBJECT_CONVERSION = YES_AGGRESSIVE;
				CLANG_CXX_LANGUAGE_STANDARD = "gnu++20";
				CLANG_ENABLE_MODULES = YES;
				CLANG_ENABLE_OBJC_ARC = YES;
				CLANG_ENABLE_OBJC_WEAK = YES;
				CLANG_WARN_BLOCK_CAPTURE_AUTORELEASING = YES;
				CLANG_WARN_BOOL_CONVERSION = YES;
				CLANG_WARN_COMMA = YES;
				CLANG_WARN_CONSTANT_CONVERSION = YES;
				CLANG_WARN_DEPRECATED_OBJC_IMPLEMENTATIONS = YES;
				CLANG_WARN_DIRECT_OBJC_ISA_USAGE = YES_ERROR;
				CLANG_WARN_DOCUMENTATION_COMMENTS = YES;
				CLANG_WARN_EMPTY_BODY = YES;
				CLANG_WARN_ENUM_CONVERSION = YES;
				CLANG_WARN_INFINITE_RECURSION = YES;
				CLANG_WARN_INT_CONVERSION = YES;
				CLANG_WARN_NON_LITERAL_NULL_CONVERSION = YES;
				CLANG_WARN_OBJC_IMPLICIT_RETAIN_SELF = YES;
				CLANG_WARN_OBJC_LITERAL_CONVERSION = YES;
				CLANG_WARN_OBJC_ROOT_CLASS = YES_ERROR;
				CLANG_WARN_QUOTED_INCLUDE_IN_FRAMEWORK_HEADER = YES;
				CLANG_WARN_RANGE_LOOP_ANALYSIS = YES;
				CLANG_WARN_STRICT_PROTOTYPES = YES;
				CLANG_WARN_SUSPICIOUS_MOVE = YES;
				CLANG_WARN_UNGUARDED_AVAILABILITY = YES_AGGRESSIVE;
				CLANG_WARN_UNREACHABLE_CODE = YES;
				CLANG_WARN__DUPLICATE_METHOD_MATCH = YES;
				COPY_PHASE_STRIP = NO;
				DEBUG_INFORMATION_FORMAT = dwarf;
				ENABLE_STRICT_OBJC_MSGSEND = YES;
				ENABLE_TESTABILITY = YES;
				GCC_C_LANGUAGE_STANDARD = gnu11;
				GCC_DYNAMIC_NO_PIC = NO;
				GCC_NO_COMMON_BLOCKS = YES;
				GCC_OPTIMIZATION_LEVEL = 0;
				GCC_PREPROCESSOR_DEFINITIONS = (
					"DEBUG=1",
					"$(inherited)",
				);
				GCC_WARN_64_TO_32_BIT_CONVERSION = YES;
				GCC_WARN_ABOUT_RETURN_TYPE = YES_ERROR;
				GCC_WARN_UNDECLARED_SELECTOR = YES;
				GCC_WARN_UNINITIALIZED_AUTOS = YES_AGGRESSIVE;
				GCC_WARN_UNUSED_FUNCTION = YES;
				GCC_WARN_UNUSED_VARIABLE = YES;
				IPHONEOS_DEPLOYMENT_TARGET = 13.0;
				MTL_ENABLE_DEBUG_INFO = INCLUDE_SOURCE;
				MTL_FAST_MATH = YES;
				ONLY_ACTIVE_ARCH = YES;
				SDKROOT = iphoneos;
				SWIFT_ACTIVE_COMPILATION_CONDITIONS = DEBUG;
				SWIFT_OPTIMIZATION_LEVEL = "-Onone";
			};
			name = Debug;
		};
		59A0375029C3911900AA8CC8 /* Release */ = {
			isa = XCBuildConfiguration;
			buildSettings = {
				ALWAYS_SEARCH_USER_PATHS = NO;
				CLANG_ANALYZER_NONNULL = YES;
				CLANG_ANALYZER_NUMBER_OBJECT_CONVERSION = YES_AGGRESSIVE;
				CLANG_CXX_LANGUAGE_STANDARD = "gnu++20";
				CLANG_ENABLE_MODULES = YES;
				CLANG_ENABLE_OBJC_ARC = YES;
				CLANG_ENABLE_OBJC_WEAK = YES;
				CLANG_WARN_BLOCK_CAPTURE_AUTORELEASING = YES;
				CLANG_WARN_BOOL_CONVERSION = YES;
				CLANG_WARN_COMMA = YES;
				CLANG_WARN_CONSTANT_CONVERSION = YES;
				CLANG_WARN_DEPRECATED_OBJC_IMPLEMENTATIONS = YES;
				CLANG_WARN_DIRECT_OBJC_ISA_USAGE = YES_ERROR;
				CLANG_WARN_DOCUMENTATION_COMMENTS = YES;
				CLANG_WARN_EMPTY_BODY = YES;
				CLANG_WARN_ENUM_CONVERSION = YES;
				CLANG_WARN_INFINITE_RECURSION = YES;
				CLANG_WARN_INT_CONVERSION = YES;
				CLANG_WARN_NON_LITERAL_NULL_CONVERSION = YES;
				CLANG_WARN_OBJC_IMPLICIT_RETAIN_SELF = YES;
				CLANG_WARN_OBJC_LITERAL_CONVERSION = YES;
				CLANG_WARN_OBJC_ROOT_CLASS = YES_ERROR;
				CLANG_WARN_QUOTED_INCLUDE_IN_FRAMEWORK_HEADER = YES;
				CLANG_WARN_RANGE_LOOP_ANALYSIS = YES;
				CLANG_WARN_STRICT_PROTOTYPES = YES;
				CLANG_WARN_SUSPICIOUS_MOVE = YES;
				CLANG_WARN_UNGUARDED_AVAILABILITY = YES_AGGRESSIVE;
				CLANG_WARN_UNREACHABLE_CODE = YES;
				CLANG_WARN__DUPLICATE_METHOD_MATCH = YES;
				COPY_PHASE_STRIP = NO;
				DEBUG_INFORMATION_FORMAT = "dwarf-with-dsym";
				ENABLE_NS_ASSERTIONS = NO;
				ENABLE_STRICT_OBJC_MSGSEND = YES;
				GCC_C_LANGUAGE_STANDARD = gnu11;
				GCC_NO_COMMON_BLOCKS = YES;
				GCC_WARN_64_TO_32_BIT_CONVERSION = YES;
				GCC_WARN_ABOUT_RETURN_TYPE = YES_ERROR;
				GCC_WARN_UNDECLARED_SELECTOR = YES;
				GCC_WARN_UNINITIALIZED_AUTOS = YES_AGGRESSIVE;
				GCC_WARN_UNUSED_FUNCTION = YES;
				GCC_WARN_UNUSED_VARIABLE = YES;
				IPHONEOS_DEPLOYMENT_TARGET = 13.0;
				MTL_ENABLE_DEBUG_INFO = NO;
				MTL_FAST_MATH = YES;
				SDKROOT = iphoneos;
				SWIFT_COMPILATION_MODE = wholemodule;
				SWIFT_OPTIMIZATION_LEVEL = "-O";
				VALIDATE_PRODUCT = YES;
			};
			name = Release;
		};
		59A0375229C3911900AA8CC8 /* Debug */ = {
			isa = XCBuildConfiguration;
			buildSettings = {
				ASSETCATALOG_COMPILER_APPICON_NAME = AppIcon;
				ASSETCATALOG_COMPILER_GLOBAL_ACCENT_COLOR_NAME = AccentColor;
				CODE_SIGN_STYLE = Automatic;
				CURRENT_PROJECT_VERSION = 1;
				DEVELOPMENT_TEAM = 5XU4KM63X7;
				GENERATE_INFOPLIST_FILE = YES;
				INFOPLIST_FILE = ImageFeed/Resources/Info.plist;
				INFOPLIST_KEY_UIApplicationSupportsIndirectInputEvents = YES;
				INFOPLIST_KEY_UILaunchStoryboardName = "";
				INFOPLIST_KEY_UIMainStoryboardFile = Main;
				INFOPLIST_KEY_UIStatusBarStyle = UIStatusBarStyleLightContent;
				INFOPLIST_KEY_UISupportedInterfaceOrientations = UIInterfaceOrientationPortrait;
				IPHONEOS_DEPLOYMENT_TARGET = 13.0;
				LD_RUNPATH_SEARCH_PATHS = (
					"$(inherited)",
					"@executable_path/Frameworks",
				);
				MARKETING_VERSION = 1.0;
				PRODUCT_BUNDLE_IDENTIFIER = com.vadimrn.ImageFeed;
				PRODUCT_NAME = "$(TARGET_NAME)";
				SUPPORTED_PLATFORMS = "iphoneos iphonesimulator";
				SUPPORTS_MACCATALYST = NO;
				SUPPORTS_MAC_DESIGNED_FOR_IPHONE_IPAD = YES;
				SWIFT_EMIT_LOC_STRINGS = YES;
				SWIFT_VERSION = 5.0;
				TARGETED_DEVICE_FAMILY = 1;
			};
			name = Debug;
		};
		59A0375329C3911900AA8CC8 /* Release */ = {
			isa = XCBuildConfiguration;
			buildSettings = {
				ASSETCATALOG_COMPILER_APPICON_NAME = AppIcon;
				ASSETCATALOG_COMPILER_GLOBAL_ACCENT_COLOR_NAME = AccentColor;
				CODE_SIGN_STYLE = Automatic;
				CURRENT_PROJECT_VERSION = 1;
				DEVELOPMENT_TEAM = Z88WLH6TBF;
				GENERATE_INFOPLIST_FILE = YES;
				INFOPLIST_FILE = ImageFeed/Resources/Info.plist;
				INFOPLIST_KEY_UIApplicationSupportsIndirectInputEvents = YES;
				INFOPLIST_KEY_UILaunchStoryboardName = "";
				INFOPLIST_KEY_UIMainStoryboardFile = Main;
				INFOPLIST_KEY_UIStatusBarStyle = UIStatusBarStyleLightContent;
				INFOPLIST_KEY_UISupportedInterfaceOrientations = UIInterfaceOrientationPortrait;
				IPHONEOS_DEPLOYMENT_TARGET = 13.0;
				LD_RUNPATH_SEARCH_PATHS = (
					"$(inherited)",
					"@executable_path/Frameworks",
				);
				MARKETING_VERSION = 1.0;
				PRODUCT_BUNDLE_IDENTIFIER = com.vadimrn.ImageFeed;
				PRODUCT_NAME = "$(TARGET_NAME)";
				SUPPORTED_PLATFORMS = "iphoneos iphonesimulator";
				SUPPORTS_MACCATALYST = NO;
				SUPPORTS_MAC_DESIGNED_FOR_IPHONE_IPAD = YES;
				SWIFT_EMIT_LOC_STRINGS = YES;
				SWIFT_VERSION = 5.0;
				TARGETED_DEVICE_FAMILY = 1;
			};
			name = Release;
		};
/* End XCBuildConfiguration section */

/* Begin XCConfigurationList section */
		59A0373829C3911800AA8CC8 /* Build configuration list for PBXProject "ImageFeed" */ = {
			isa = XCConfigurationList;
			buildConfigurations = (
				59A0374F29C3911900AA8CC8 /* Debug */,
				59A0375029C3911900AA8CC8 /* Release */,
			);
			defaultConfigurationIsVisible = 0;
			defaultConfigurationName = Release;
		};
		59A0375129C3911900AA8CC8 /* Build configuration list for PBXNativeTarget "ImageFeed" */ = {
			isa = XCConfigurationList;
			buildConfigurations = (
				59A0375229C3911900AA8CC8 /* Debug */,
				59A0375329C3911900AA8CC8 /* Release */,
			);
			defaultConfigurationIsVisible = 0;
			defaultConfigurationName = Release;
		};
/* End XCConfigurationList section */

/* Begin XCRemoteSwiftPackageReference section */
		59135DA12A0C44D1005D5A9F /* XCRemoteSwiftPackageReference "Kingfisher" */ = {
			isa = XCRemoteSwiftPackageReference;
			repositoryURL = "https://github.com/onevcat/Kingfisher";
			requirement = {
				kind = exactVersion;
				version = 7.6.2;
			};
		};
		5939E27629FD651A008E4D43 /* XCRemoteSwiftPackageReference "ProgressHUD" */ = {
			isa = XCRemoteSwiftPackageReference;
			repositoryURL = "https://github.com/relatedcode/ProgressHUD";
			requirement = {
				kind = exactVersion;
				version = 13.6.2;
			};
		};
		593FDCB22A0D219C000F3B02 /* XCRemoteSwiftPackageReference "SwiftKeychainWrapper" */ = {
			isa = XCRemoteSwiftPackageReference;
			repositoryURL = "https://github.com/jrendel/SwiftKeychainWrapper";
			requirement = {
				kind = exactVersion;
				version = 4.0.1;
			};
		};
/* End XCRemoteSwiftPackageReference section */

/* Begin XCSwiftPackageProductDependency section */
		59135DA22A0C44D1005D5A9F /* Kingfisher */ = {
			isa = XCSwiftPackageProductDependency;
			package = 59135DA12A0C44D1005D5A9F /* XCRemoteSwiftPackageReference "Kingfisher" */;
			productName = Kingfisher;
		};
		5939E27729FD651A008E4D43 /* ProgressHUD */ = {
			isa = XCSwiftPackageProductDependency;
			package = 5939E27629FD651A008E4D43 /* XCRemoteSwiftPackageReference "ProgressHUD" */;
			productName = ProgressHUD;
		};
		593FDCB32A0D219C000F3B02 /* SwiftKeychainWrapper */ = {
			isa = XCSwiftPackageProductDependency;
			package = 593FDCB22A0D219C000F3B02 /* XCRemoteSwiftPackageReference "SwiftKeychainWrapper" */;
			productName = SwiftKeychainWrapper;
		};
/* End XCSwiftPackageProductDependency section */
	};
	rootObject = 59A0373529C3911800AA8CC8 /* Project object */;
}
