// !$*UTF8*$!
{
	archiveVersion = 1;
	classes = {
	};
	objectVersion = 56;
	objects = {

/* Begin PBXBuildFile section */
		9125876829D9944400313BFC /* Constants.swift in Sources */ = {isa = PBXBuildFile; fileRef = 9125876729D9944400313BFC /* Constants.swift */; };
		9125876A29D9ACF900313BFC /* AuthViewController.swift in Sources */ = {isa = PBXBuildFile; fileRef = 9125876929D9ACF900313BFC /* AuthViewController.swift */; };
		9125876D29D9AE9500313BFC /* WebViewViewController.swift in Sources */ = {isa = PBXBuildFile; fileRef = 9125876C29D9AE9500313BFC /* WebViewViewController.swift */; };
		9125876F29D9C5A000313BFC /* WebViewViewControllerDelegate.swift in Sources */ = {isa = PBXBuildFile; fileRef = 9125876E29D9C59F00313BFC /* WebViewViewControllerDelegate.swift */; };
		9128919C29A3BE3B001659FC /* AppDelegate.swift in Sources */ = {isa = PBXBuildFile; fileRef = 9128919B29A3BE3B001659FC /* AppDelegate.swift */; };
		9128919E29A3BE3B001659FC /* SceneDelegate.swift in Sources */ = {isa = PBXBuildFile; fileRef = 9128919D29A3BE3B001659FC /* SceneDelegate.swift */; };
		912891A029A3BE3B001659FC /* ImagesListViewController.swift in Sources */ = {isa = PBXBuildFile; fileRef = 9128919F29A3BE3B001659FC /* ImagesListViewController.swift */; };
		912891A529A3BE3D001659FC /* Assets.xcassets in Resources */ = {isa = PBXBuildFile; fileRef = 912891A429A3BE3D001659FC /* Assets.xcassets */; };
		9139EBE929F93FB50088F8EE /* UIBlockingProgressHUD.swift in Sources */ = {isa = PBXBuildFile; fileRef = 9139EBE829F93FB50088F8EE /* UIBlockingProgressHUD.swift */; };
		9147126929B5CC9D0099A0A0 /* ProfileViewController.swift in Sources */ = {isa = PBXBuildFile; fileRef = 9147126829B5CC9D0099A0A0 /* ProfileViewController.swift */; };
		9147126B29B5FF0F0099A0A0 /* SingleImageViewController.swift in Sources */ = {isa = PBXBuildFile; fileRef = 9147126A29B5FF0F0099A0A0 /* SingleImageViewController.swift */; };
		914A47E02A371AF800848D88 /* Photo.swift in Sources */ = {isa = PBXBuildFile; fileRef = 914A47DF2A371AF800848D88 /* Photo.swift */; };
		914A47E22A371B1600848D88 /* PhotoResult.swift in Sources */ = {isa = PBXBuildFile; fileRef = 914A47E12A371B1600848D88 /* PhotoResult.swift */; };
		914A47E52A37225600848D88 /* ImageListService.swift in Sources */ = {isa = PBXBuildFile; fileRef = 914A47E42A37225600848D88 /* ImageListService.swift */; };
		914A47E82A37237500848D88 /* UIView+Extensions.swift in Sources */ = {isa = PBXBuildFile; fileRef = 914A47E72A37237500848D88 /* UIView+Extensions.swift */; };
		916227BF29FA737200023AB8 /* ProfileResult.swift in Sources */ = {isa = PBXBuildFile; fileRef = 916227BE29FA737200023AB8 /* ProfileResult.swift */; };
		916227C129FA739A00023AB8 /* Profile.swift in Sources */ = {isa = PBXBuildFile; fileRef = 916227C029FA739A00023AB8 /* Profile.swift */; };
		916227C329FA73FD00023AB8 /* UserResult.swift in Sources */ = {isa = PBXBuildFile; fileRef = 916227C229FA73FD00023AB8 /* UserResult.swift */; };
		916227C629FA741F00023AB8 /* TabBarController.swift in Sources */ = {isa = PBXBuildFile; fileRef = 916227C529FA741F00023AB8 /* TabBarController.swift */; };
		916227CA29FA848200023AB8 /* LaunchScreen.storyboard in Resources */ = {isa = PBXBuildFile; fileRef = 916227CC29FA848200023AB8 /* LaunchScreen.storyboard */; };
		916B912A29EAE2470089494D /* ProgressHUD in Frameworks */ = {isa = PBXBuildFile; productRef = 916B912929EAE2470089494D /* ProgressHUD */; };
		91B3035829DAF3420002AEFB /* OAuthTokenResponseBody.swift in Sources */ = {isa = PBXBuildFile; fileRef = 91B3035729DAF3420002AEFB /* OAuthTokenResponseBody.swift */; };
		91B3035B29DAF3C60002AEFB /* OAuth2Service.swift in Sources */ = {isa = PBXBuildFile; fileRef = 91B3035A29DAF3C60002AEFB /* OAuth2Service.swift */; };
		91B3035D29DAF4D10002AEFB /* OAuth2TokenStorage.swift in Sources */ = {isa = PBXBuildFile; fileRef = 91B3035C29DAF4D10002AEFB /* OAuth2TokenStorage.swift */; };
		91B3036129DAFF910002AEFB /* SplashViewController.swift in Sources */ = {isa = PBXBuildFile; fileRef = 91B3036029DAFF910002AEFB /* SplashViewController.swift */; };
		91B3036329DB02250002AEFB /* AuthViewControllerDelegate.swift in Sources */ = {isa = PBXBuildFile; fileRef = 91B3036229DB02250002AEFB /* AuthViewControllerDelegate.swift */; };
		91BFB99A29A3C2B700C32C0E /* ImagesListCell.swift in Sources */ = {isa = PBXBuildFile; fileRef = 91BFB99929A3C2B700C32C0E /* ImagesListCell.swift */; };
		91BFB99E29A3C2FE00C32C0E /* UIColor + Extesions.swift in Sources */ = {isa = PBXBuildFile; fileRef = 91BFB99D29A3C2FE00C32C0E /* UIColor + Extesions.swift */; };
		91D86CA129F953B900992F7A /* Kingfisher in Frameworks */ = {isa = PBXBuildFile; productRef = 91D86CA029F953B900992F7A /* Kingfisher */; };
		91D86CA429F953F300992F7A /* SwiftKeychainWrapper in Frameworks */ = {isa = PBXBuildFile; productRef = 91D86CA329F953F300992F7A /* SwiftKeychainWrapper */; };
		91D86CA829F957A500992F7A /* URLSession+Extensions.swift in Sources */ = {isa = PBXBuildFile; fileRef = 91D86CA729F957A500992F7A /* URLSession+Extensions.swift */; };
		91D86CB129F959A200992F7A /* ProfileService.swift in Sources */ = {isa = PBXBuildFile; fileRef = 91D86CB029F959A200992F7A /* ProfileService.swift */; };
		91D86CB329F959AC00992F7A /* ProfileImageService.swift in Sources */ = {isa = PBXBuildFile; fileRef = 91D86CB229F959AC00992F7A /* ProfileImageService.swift */; };
/* End PBXBuildFile section */

/* Begin PBXFileReference section */
		9125876729D9944400313BFC /* Constants.swift */ = {isa = PBXFileReference; lastKnownFileType = sourcecode.swift; path = Constants.swift; sourceTree = "<group>"; };
		9125876929D9ACF900313BFC /* AuthViewController.swift */ = {isa = PBXFileReference; lastKnownFileType = sourcecode.swift; path = AuthViewController.swift; sourceTree = "<group>"; };
		9125876C29D9AE9500313BFC /* WebViewViewController.swift */ = {isa = PBXFileReference; lastKnownFileType = sourcecode.swift; path = WebViewViewController.swift; sourceTree = "<group>"; };
		9125876E29D9C59F00313BFC /* WebViewViewControllerDelegate.swift */ = {isa = PBXFileReference; lastKnownFileType = sourcecode.swift; path = WebViewViewControllerDelegate.swift; sourceTree = "<group>"; };
		9128919829A3BE3B001659FC /* ImageFeed.app */ = {isa = PBXFileReference; explicitFileType = wrapper.application; includeInIndex = 0; path = ImageFeed.app; sourceTree = BUILT_PRODUCTS_DIR; };
		9128919B29A3BE3B001659FC /* AppDelegate.swift */ = {isa = PBXFileReference; lastKnownFileType = sourcecode.swift; path = AppDelegate.swift; sourceTree = "<group>"; };
		9128919D29A3BE3B001659FC /* SceneDelegate.swift */ = {isa = PBXFileReference; lastKnownFileType = sourcecode.swift; path = SceneDelegate.swift; sourceTree = "<group>"; };
		9128919F29A3BE3B001659FC /* ImagesListViewController.swift */ = {isa = PBXFileReference; lastKnownFileType = sourcecode.swift; path = ImagesListViewController.swift; sourceTree = "<group>"; };
		912891A429A3BE3D001659FC /* Assets.xcassets */ = {isa = PBXFileReference; lastKnownFileType = folder.assetcatalog; path = Assets.xcassets; sourceTree = "<group>"; };
		912891A929A3BE3D001659FC /* Info.plist */ = {isa = PBXFileReference; lastKnownFileType = text.plist.xml; path = Info.plist; sourceTree = "<group>"; };
		9139EBE829F93FB50088F8EE /* UIBlockingProgressHUD.swift */ = {isa = PBXFileReference; lastKnownFileType = sourcecode.swift; path = UIBlockingProgressHUD.swift; sourceTree = "<group>"; };
		9147126829B5CC9D0099A0A0 /* ProfileViewController.swift */ = {isa = PBXFileReference; lastKnownFileType = sourcecode.swift; path = ProfileViewController.swift; sourceTree = "<group>"; };
		9147126A29B5FF0F0099A0A0 /* SingleImageViewController.swift */ = {isa = PBXFileReference; lastKnownFileType = sourcecode.swift; path = SingleImageViewController.swift; sourceTree = "<group>"; };
		914A47DF2A371AF800848D88 /* Photo.swift */ = {isa = PBXFileReference; lastKnownFileType = sourcecode.swift; path = Photo.swift; sourceTree = "<group>"; };
		914A47E12A371B1600848D88 /* PhotoResult.swift */ = {isa = PBXFileReference; lastKnownFileType = sourcecode.swift; path = PhotoResult.swift; sourceTree = "<group>"; };
		914A47E42A37225600848D88 /* ImageListService.swift */ = {isa = PBXFileReference; lastKnownFileType = sourcecode.swift; path = ImageListService.swift; sourceTree = "<group>"; };
		914A47E72A37237500848D88 /* UIView+Extensions.swift */ = {isa = PBXFileReference; lastKnownFileType = sourcecode.swift; path = "UIView+Extensions.swift"; sourceTree = "<group>"; };
		916227BE29FA737200023AB8 /* ProfileResult.swift */ = {isa = PBXFileReference; lastKnownFileType = sourcecode.swift; path = ProfileResult.swift; sourceTree = "<group>"; };
		916227C029FA739A00023AB8 /* Profile.swift */ = {isa = PBXFileReference; lastKnownFileType = sourcecode.swift; path = Profile.swift; sourceTree = "<group>"; };
		916227C229FA73FD00023AB8 /* UserResult.swift */ = {isa = PBXFileReference; lastKnownFileType = sourcecode.swift; path = UserResult.swift; sourceTree = "<group>"; };
		916227C529FA741F00023AB8 /* TabBarController.swift */ = {isa = PBXFileReference; lastKnownFileType = sourcecode.swift; path = TabBarController.swift; sourceTree = "<group>"; };
		916227CB29FA848200023AB8 /* Base */ = {isa = PBXFileReference; lastKnownFileType = file.storyboard; name = Base; path = Base.lproj/LaunchScreen.storyboard; sourceTree = "<group>"; };
		91B3035729DAF3420002AEFB /* OAuthTokenResponseBody.swift */ = {isa = PBXFileReference; lastKnownFileType = sourcecode.swift; path = OAuthTokenResponseBody.swift; sourceTree = "<group>"; };
		91B3035A29DAF3C60002AEFB /* OAuth2Service.swift */ = {isa = PBXFileReference; lastKnownFileType = sourcecode.swift; path = OAuth2Service.swift; sourceTree = "<group>"; };
		91B3035C29DAF4D10002AEFB /* OAuth2TokenStorage.swift */ = {isa = PBXFileReference; lastKnownFileType = sourcecode.swift; path = OAuth2TokenStorage.swift; sourceTree = "<group>"; };
		91B3036029DAFF910002AEFB /* SplashViewController.swift */ = {isa = PBXFileReference; lastKnownFileType = sourcecode.swift; path = SplashViewController.swift; sourceTree = "<group>"; };
		91B3036229DB02250002AEFB /* AuthViewControllerDelegate.swift */ = {isa = PBXFileReference; lastKnownFileType = sourcecode.swift; path = AuthViewControllerDelegate.swift; sourceTree = "<group>"; };
		91BFB99929A3C2B700C32C0E /* ImagesListCell.swift */ = {isa = PBXFileReference; lastKnownFileType = sourcecode.swift; path = ImagesListCell.swift; sourceTree = "<group>"; };
		91BFB99D29A3C2FE00C32C0E /* UIColor + Extesions.swift */ = {isa = PBXFileReference; lastKnownFileType = sourcecode.swift; path = "UIColor + Extesions.swift"; sourceTree = "<group>"; };
		91D86CA729F957A500992F7A /* URLSession+Extensions.swift */ = {isa = PBXFileReference; lastKnownFileType = sourcecode.swift; path = "URLSession+Extensions.swift"; sourceTree = "<group>"; };
		91D86CB029F959A200992F7A /* ProfileService.swift */ = {isa = PBXFileReference; lastKnownFileType = sourcecode.swift; path = ProfileService.swift; sourceTree = "<group>"; };
		91D86CB229F959AC00992F7A /* ProfileImageService.swift */ = {isa = PBXFileReference; lastKnownFileType = sourcecode.swift; path = ProfileImageService.swift; sourceTree = "<group>"; };
/* End PBXFileReference section */

/* Begin PBXFrameworksBuildPhase section */
		9128919529A3BE3B001659FC /* Frameworks */ = {
			isa = PBXFrameworksBuildPhase;
			buildActionMask = 2147483647;
			files = (
				91D86CA129F953B900992F7A /* Kingfisher in Frameworks */,
				916B912A29EAE2470089494D /* ProgressHUD in Frameworks */,
				91D86CA429F953F300992F7A /* SwiftKeychainWrapper in Frameworks */,
			);
			runOnlyForDeploymentPostprocessing = 0;
		};
/* End PBXFrameworksBuildPhase section */

/* Begin PBXGroup section */
		9125876B29D9AD1500313BFC /* Auth */ = {
			isa = PBXGroup;
			children = (
				9125876929D9ACF900313BFC /* AuthViewController.swift */,
				91B3036229DB02250002AEFB /* AuthViewControllerDelegate.swift */,
			);
			path = Auth;
			sourceTree = "<group>";
		};
		9128918F29A3BE3B001659FC = {
			isa = PBXGroup;
			children = (
				9128919A29A3BE3B001659FC /* ImageFeed */,
				9128919929A3BE3B001659FC /* Products */,
			);
			sourceTree = "<group>";
		};
		9128919929A3BE3B001659FC /* Products */ = {
			isa = PBXGroup;
			children = (
				9128919829A3BE3B001659FC /* ImageFeed.app */,
			);
			name = Products;
			sourceTree = "<group>";
		};
		9128919A29A3BE3B001659FC /* ImageFeed */ = {
			isa = PBXGroup;
			children = (
				91D86CA529F9546A00992F7A /* Application */,
				91B3035629DAF3350002AEFB /*  Model */,
				916227BB29FA725200023AB8 /* ViewControllers */,
				91B3035929DAF3AB0002AEFB /* Services */,
				9139EBEA29F941180088F8EE /* Resources */,
			);
			path = ImageFeed;
			sourceTree = "<group>";
		};
		9139EBE729F93F950088F8EE /* Uikit */ = {
			isa = PBXGroup;
			children = (
				91BFB99D29A3C2FE00C32C0E /* UIColor + Extesions.swift */,
				9139EBE829F93FB50088F8EE /* UIBlockingProgressHUD.swift */,
				914A47E72A37237500848D88 /* UIView+Extensions.swift */,
			);
			path = Uikit;
			sourceTree = "<group>";
		};
		9139EBEA29F941180088F8EE /* Resources */ = {
			isa = PBXGroup;
			children = (
				91BFB99C29A3C2E600C32C0E /* Helpers */,
				916227BC29FA730200023AB8 /* SupportingFiles */,
			);
			path = Resources;
			sourceTree = "<group>";
		};
		9147126729B5CC640099A0A0 /* Profile */ = {
			isa = PBXGroup;
			children = (
				9147126829B5CC9D0099A0A0 /* ProfileViewController.swift */,
			);
			path = Profile;
			sourceTree = "<group>";
		};
		9147126C29B612020099A0A0 /* SingleImage */ = {
			isa = PBXGroup;
			children = (
				9147126A29B5FF0F0099A0A0 /* SingleImageViewController.swift */,
			);
			path = SingleImage;
			sourceTree = "<group>";
		};
		914A47DE2A371AE400848D88 /* Photo */ = {
			isa = PBXGroup;
			children = (
				914A47DF2A371AF800848D88 /* Photo.swift */,
				914A47E12A371B1600848D88 /* PhotoResult.swift */,
			);
			path = Photo;
			sourceTree = "<group>";
		};
		914A47E32A37224C00848D88 /* ImageListService */ = {
			isa = PBXGroup;
			children = (
				914A47E42A37225600848D88 /* ImageListService.swift */,
			);
			path = ImageListService;
			sourceTree = "<group>";
		};
		914A47E62A37229F00848D88 /* OAuth2 */ = {
			isa = PBXGroup;
			children = (
				91B3035C29DAF4D10002AEFB /* OAuth2TokenStorage.swift */,
				91B3035A29DAF3C60002AEFB /* OAuth2Service.swift */,
			);
			path = OAuth2;
			sourceTree = "<group>";
		};
		916227BB29FA725200023AB8 /* ViewControllers */ = {
			isa = PBXGroup;
			children = (
				916227C429FA741700023AB8 /* TabBarController */,
				91B3035F29DAFF870002AEFB /* SplashViewController */,
				9125876B29D9AD1500313BFC /* Auth */,
				916227C729FA752500023AB8 /* WebViewViewController */,
				9147126729B5CC640099A0A0 /* Profile */,
				91BFB99B29A3C2D600C32C0E /* ImagesList */,
				9147126C29B612020099A0A0 /* SingleImage */,
			);
			path = ViewControllers;
			sourceTree = "<group>";
		};
		916227BC29FA730200023AB8 /* SupportingFiles */ = {
			isa = PBXGroup;
			children = (
				912891A429A3BE3D001659FC /* Assets.xcassets */,
				912891A929A3BE3D001659FC /* Info.plist */,
				916227CC29FA848200023AB8 /* LaunchScreen.storyboard */,
			);
			path = SupportingFiles;
			sourceTree = "<group>";
		};
		916227BD29FA735800023AB8 /* Profile */ = {
			isa = PBXGroup;
			children = (
				916227BE29FA737200023AB8 /* ProfileResult.swift */,
				916227C029FA739A00023AB8 /* Profile.swift */,
				916227C229FA73FD00023AB8 /* UserResult.swift */,
			);
			path = Profile;
			sourceTree = "<group>";
		};
		916227C429FA741700023AB8 /* TabBarController */ = {
			isa = PBXGroup;
			children = (
				916227C529FA741F00023AB8 /* TabBarController.swift */,
			);
			path = TabBarController;
			sourceTree = "<group>";
		};
		916227C729FA752500023AB8 /* WebViewViewController */ = {
			isa = PBXGroup;
			children = (
				9125876C29D9AE9500313BFC /* WebViewViewController.swift */,
				9125876E29D9C59F00313BFC /* WebViewViewControllerDelegate.swift */,
			);
			path = WebViewViewController;
			sourceTree = "<group>";
		};
		91B3035629DAF3350002AEFB /*  Model */ = {
			isa = PBXGroup;
			children = (
				91D86CA629F954CF00992F7A /* OAuthToken */,
				916227BD29FA735800023AB8 /* Profile */,
				914A47DE2A371AE400848D88 /* Photo */,
			);
			path = " Model";
			sourceTree = "<group>";
		};
		91B3035929DAF3AB0002AEFB /* Services */ = {
			isa = PBXGroup;
			children = (
				914A47E32A37224C00848D88 /* ImageListService */,
				914A47E62A37229F00848D88 /* OAuth2 */,
				91D86CAF29F9598A00992F7A /* ProfileServices */,
			);
			path = Services;
			sourceTree = "<group>";
		};
		91B3035F29DAFF870002AEFB /* SplashViewController */ = {
			isa = PBXGroup;
			children = (
				91B3036029DAFF910002AEFB /* SplashViewController.swift */,
			);
			path = SplashViewController;
			sourceTree = "<group>";
		};
		91BFB99B29A3C2D600C32C0E /* ImagesList */ = {
			isa = PBXGroup;
			children = (
				9128919F29A3BE3B001659FC /* ImagesListViewController.swift */,
				91BFB99929A3C2B700C32C0E /* ImagesListCell.swift */,
			);
			path = ImagesList;
			sourceTree = "<group>";
		};
		91BFB99C29A3C2E600C32C0E /* Helpers */ = {
			isa = PBXGroup;
			children = (
				9125876729D9944400313BFC /* Constants.swift */,
				91D86CA729F957A500992F7A /* URLSession+Extensions.swift */,
				9139EBE729F93F950088F8EE /* Uikit */,
			);
			path = Helpers;
			sourceTree = "<group>";
		};
		91D86CA529F9546A00992F7A /* Application */ = {
			isa = PBXGroup;
			children = (
				9128919B29A3BE3B001659FC /* AppDelegate.swift */,
				9128919D29A3BE3B001659FC /* SceneDelegate.swift */,
			);
			path = Application;
			sourceTree = "<group>";
		};
		91D86CA629F954CF00992F7A /* OAuthToken */ = {
			isa = PBXGroup;
			children = (
				91B3035729DAF3420002AEFB /* OAuthTokenResponseBody.swift */,
			);
			path = OAuthToken;
			sourceTree = "<group>";
		};
		91D86CAF29F9598A00992F7A /* ProfileServices */ = {
			isa = PBXGroup;
			children = (
				91D86CB029F959A200992F7A /* ProfileService.swift */,
				91D86CB229F959AC00992F7A /* ProfileImageService.swift */,
			);
			path = ProfileServices;
			sourceTree = "<group>";
		};
/* End PBXGroup section */

/* Begin PBXNativeTarget section */
		9128919729A3BE3B001659FC /* ImageFeed */ = {
			isa = PBXNativeTarget;
			buildConfigurationList = 912891AC29A3BE3D001659FC /* Build configuration list for PBXNativeTarget "ImageFeed" */;
			buildPhases = (
				9128919429A3BE3B001659FC /* Sources */,
				9128919529A3BE3B001659FC /* Frameworks */,
				9128919629A3BE3B001659FC /* Resources */,
			);
			buildRules = (
			);
			dependencies = (
			);
			name = ImageFeed;
			packageProductDependencies = (
				916B912929EAE2470089494D /* ProgressHUD */,
				91D86CA029F953B900992F7A /* Kingfisher */,
				91D86CA329F953F300992F7A /* SwiftKeychainWrapper */,
			);
			productName = ImageFeed;
			productReference = 9128919829A3BE3B001659FC /* ImageFeed.app */;
			productType = "com.apple.product-type.application";
		};
/* End PBXNativeTarget section */

/* Begin PBXProject section */
		9128919029A3BE3B001659FC /* Project object */ = {
			isa = PBXProject;
			attributes = {
				BuildIndependentTargetsInParallel = 1;
				LastSwiftUpdateCheck = 1420;
				LastUpgradeCheck = 1420;
				TargetAttributes = {
					9128919729A3BE3B001659FC = {
						CreatedOnToolsVersion = 14.2;
					};
				};
			};
			buildConfigurationList = 9128919329A3BE3B001659FC /* Build configuration list for PBXProject "ImageFeed" */;
			compatibilityVersion = "Xcode 14.0";
			developmentRegion = en;
			hasScannedForEncodings = 0;
			knownRegions = (
				en,
				Base,
			);
			mainGroup = 9128918F29A3BE3B001659FC;
			packageReferences = (
				916B912829EAE2470089494D /* XCRemoteSwiftPackageReference "ProgressHUD" */,
				91D86C9F29F953B900992F7A /* XCRemoteSwiftPackageReference "Kingfisher" */,
				91D86CA229F953F300992F7A /* XCRemoteSwiftPackageReference "SwiftKeychainWrapper" */,
			);
			productRefGroup = 9128919929A3BE3B001659FC /* Products */;
			projectDirPath = "";
			projectRoot = "";
			targets = (
				9128919729A3BE3B001659FC /* ImageFeed */,
			);
		};
/* End PBXProject section */

/* Begin PBXResourcesBuildPhase section */
		9128919629A3BE3B001659FC /* Resources */ = {
			isa = PBXResourcesBuildPhase;
			buildActionMask = 2147483647;
			files = (
				912891A529A3BE3D001659FC /* Assets.xcassets in Resources */,
				916227CA29FA848200023AB8 /* LaunchScreen.storyboard in Resources */,
			);
			runOnlyForDeploymentPostprocessing = 0;
		};
/* End PBXResourcesBuildPhase section */

/* Begin PBXSourcesBuildPhase section */
		9128919429A3BE3B001659FC /* Sources */ = {
			isa = PBXSourcesBuildPhase;
			buildActionMask = 2147483647;
			files = (
				9125876D29D9AE9500313BFC /* WebViewViewController.swift in Sources */,
				9147126929B5CC9D0099A0A0 /* ProfileViewController.swift in Sources */,
				91B3035B29DAF3C60002AEFB /* OAuth2Service.swift in Sources */,
				91B3035829DAF3420002AEFB /* OAuthTokenResponseBody.swift in Sources */,
				912891A029A3BE3B001659FC /* ImagesListViewController.swift in Sources */,
				91BFB99A29A3C2B700C32C0E /* ImagesListCell.swift in Sources */,
				91B3035D29DAF4D10002AEFB /* OAuth2TokenStorage.swift in Sources */,
				9147126B29B5FF0F0099A0A0 /* SingleImageViewController.swift in Sources */,
				916227C329FA73FD00023AB8 /* UserResult.swift in Sources */,
				914A47E02A371AF800848D88 /* Photo.swift in Sources */,
				916227C629FA741F00023AB8 /* TabBarController.swift in Sources */,
				91D86CA829F957A500992F7A /* URLSession+Extensions.swift in Sources */,
				9128919C29A3BE3B001659FC /* AppDelegate.swift in Sources */,
				91B3036129DAFF910002AEFB /* SplashViewController.swift in Sources */,
				914A47E82A37237500848D88 /* UIView+Extensions.swift in Sources */,
				9128919E29A3BE3B001659FC /* SceneDelegate.swift in Sources */,
				9125876F29D9C5A000313BFC /* WebViewViewControllerDelegate.swift in Sources */,
				916227BF29FA737200023AB8 /* ProfileResult.swift in Sources */,
				91BFB99E29A3C2FE00C32C0E /* UIColor + Extesions.swift in Sources */,
				91D86CB129F959A200992F7A /* ProfileService.swift in Sources */,
				9125876A29D9ACF900313BFC /* AuthViewController.swift in Sources */,
				91B3036329DB02250002AEFB /* AuthViewControllerDelegate.swift in Sources */,
				914A47E22A371B1600848D88 /* PhotoResult.swift in Sources */,
				91D86CB329F959AC00992F7A /* ProfileImageService.swift in Sources */,
				914A47E52A37225600848D88 /* ImageListService.swift in Sources */,
				916227C129FA739A00023AB8 /* Profile.swift in Sources */,
				9125876829D9944400313BFC /* Constants.swift in Sources */,
				9139EBE929F93FB50088F8EE /* UIBlockingProgressHUD.swift in Sources */,
			);
			runOnlyForDeploymentPostprocessing = 0;
		};
/* End PBXSourcesBuildPhase section */

/* Begin PBXVariantGroup section */
		916227CC29FA848200023AB8 /* LaunchScreen.storyboard */ = {
			isa = PBXVariantGroup;
			children = (
				916227CB29FA848200023AB8 /* Base */,
			);
			name = LaunchScreen.storyboard;
			sourceTree = "<group>";
		};
/* End PBXVariantGroup section */

/* Begin XCBuildConfiguration section */
		912891AA29A3BE3D001659FC /* Debug */ = {
			isa = XCBuildConfiguration;
			buildSettings = {
				ALWAYS_SEARCH_USER_PATHS = NO;
				CLANG_ANALYZER_NONNULL = YES;
				CLANG_ANALYZER_NUMBER_OBJECT_CONVERSION = YES_AGGRESSIVE;
				CLANG_CXX_LANGUAGE_STANDARD = "gnu++20";
				CLANG_ENABLE_MODULES = YES;
				CLANG_ENABLE_OBJC_ARC = YES;
				CLANG_ENABLE_OBJC_WEAK = YES;
				CLANG_WARN_BLOCK_CAPTURE_AUTORELEASING = YES;
				CLANG_WARN_BOOL_CONVERSION = YES;
				CLANG_WARN_COMMA = YES;
				CLANG_WARN_CONSTANT_CONVERSION = YES;
				CLANG_WARN_DEPRECATED_OBJC_IMPLEMENTATIONS = YES;
				CLANG_WARN_DIRECT_OBJC_ISA_USAGE = YES_ERROR;
				CLANG_WARN_DOCUMENTATION_COMMENTS = YES;
				CLANG_WARN_EMPTY_BODY = YES;
				CLANG_WARN_ENUM_CONVERSION = YES;
				CLANG_WARN_INFINITE_RECURSION = YES;
				CLANG_WARN_INT_CONVERSION = YES;
				CLANG_WARN_NON_LITERAL_NULL_CONVERSION = YES;
				CLANG_WARN_OBJC_IMPLICIT_RETAIN_SELF = YES;
				CLANG_WARN_OBJC_LITERAL_CONVERSION = YES;
				CLANG_WARN_OBJC_ROOT_CLASS = YES_ERROR;
				CLANG_WARN_QUOTED_INCLUDE_IN_FRAMEWORK_HEADER = YES;
				CLANG_WARN_RANGE_LOOP_ANALYSIS = YES;
				CLANG_WARN_STRICT_PROTOTYPES = YES;
				CLANG_WARN_SUSPICIOUS_MOVE = YES;
				CLANG_WARN_UNGUARDED_AVAILABILITY = YES_AGGRESSIVE;
				CLANG_WARN_UNREACHABLE_CODE = YES;
				CLANG_WARN__DUPLICATE_METHOD_MATCH = YES;
				COPY_PHASE_STRIP = NO;
				DEBUG_INFORMATION_FORMAT = dwarf;
				ENABLE_STRICT_OBJC_MSGSEND = YES;
				ENABLE_TESTABILITY = YES;
				GCC_C_LANGUAGE_STANDARD = gnu11;
				GCC_DYNAMIC_NO_PIC = NO;
				GCC_NO_COMMON_BLOCKS = YES;
				GCC_OPTIMIZATION_LEVEL = 0;
				GCC_PREPROCESSOR_DEFINITIONS = (
					"DEBUG=1",
					"$(inherited)",
				);
				GCC_WARN_64_TO_32_BIT_CONVERSION = YES;
				GCC_WARN_ABOUT_RETURN_TYPE = YES_ERROR;
				GCC_WARN_UNDECLARED_SELECTOR = YES;
				GCC_WARN_UNINITIALIZED_AUTOS = YES_AGGRESSIVE;
				GCC_WARN_UNUSED_FUNCTION = YES;
				GCC_WARN_UNUSED_VARIABLE = YES;
				IPHONEOS_DEPLOYMENT_TARGET = 16.2;
				MTL_ENABLE_DEBUG_INFO = INCLUDE_SOURCE;
				MTL_FAST_MATH = YES;
				ONLY_ACTIVE_ARCH = YES;
				SDKROOT = iphoneos;
				SWIFT_ACTIVE_COMPILATION_CONDITIONS = DEBUG;
				SWIFT_OPTIMIZATION_LEVEL = "-Onone";
			};
			name = Debug;
		};
		912891AB29A3BE3D001659FC /* Release */ = {
			isa = XCBuildConfiguration;
			buildSettings = {
				ALWAYS_SEARCH_USER_PATHS = NO;
				CLANG_ANALYZER_NONNULL = YES;
				CLANG_ANALYZER_NUMBER_OBJECT_CONVERSION = YES_AGGRESSIVE;
				CLANG_CXX_LANGUAGE_STANDARD = "gnu++20";
				CLANG_ENABLE_MODULES = YES;
				CLANG_ENABLE_OBJC_ARC = YES;
				CLANG_ENABLE_OBJC_WEAK = YES;
				CLANG_WARN_BLOCK_CAPTURE_AUTORELEASING = YES;
				CLANG_WARN_BOOL_CONVERSION = YES;
				CLANG_WARN_COMMA = YES;
				CLANG_WARN_CONSTANT_CONVERSION = YES;
				CLANG_WARN_DEPRECATED_OBJC_IMPLEMENTATIONS = YES;
				CLANG_WARN_DIRECT_OBJC_ISA_USAGE = YES_ERROR;
				CLANG_WARN_DOCUMENTATION_COMMENTS = YES;
				CLANG_WARN_EMPTY_BODY = YES;
				CLANG_WARN_ENUM_CONVERSION = YES;
				CLANG_WARN_INFINITE_RECURSION = YES;
				CLANG_WARN_INT_CONVERSION = YES;
				CLANG_WARN_NON_LITERAL_NULL_CONVERSION = YES;
				CLANG_WARN_OBJC_IMPLICIT_RETAIN_SELF = YES;
				CLANG_WARN_OBJC_LITERAL_CONVERSION = YES;
				CLANG_WARN_OBJC_ROOT_CLASS = YES_ERROR;
				CLANG_WARN_QUOTED_INCLUDE_IN_FRAMEWORK_HEADER = YES;
				CLANG_WARN_RANGE_LOOP_ANALYSIS = YES;
				CLANG_WARN_STRICT_PROTOTYPES = YES;
				CLANG_WARN_SUSPICIOUS_MOVE = YES;
				CLANG_WARN_UNGUARDED_AVAILABILITY = YES_AGGRESSIVE;
				CLANG_WARN_UNREACHABLE_CODE = YES;
				CLANG_WARN__DUPLICATE_METHOD_MATCH = YES;
				COPY_PHASE_STRIP = NO;
				DEBUG_INFORMATION_FORMAT = "dwarf-with-dsym";
				ENABLE_NS_ASSERTIONS = NO;
				ENABLE_STRICT_OBJC_MSGSEND = YES;
				GCC_C_LANGUAGE_STANDARD = gnu11;
				GCC_NO_COMMON_BLOCKS = YES;
				GCC_WARN_64_TO_32_BIT_CONVERSION = YES;
				GCC_WARN_ABOUT_RETURN_TYPE = YES_ERROR;
				GCC_WARN_UNDECLARED_SELECTOR = YES;
				GCC_WARN_UNINITIALIZED_AUTOS = YES_AGGRESSIVE;
				GCC_WARN_UNUSED_FUNCTION = YES;
				GCC_WARN_UNUSED_VARIABLE = YES;
				IPHONEOS_DEPLOYMENT_TARGET = 16.2;
				MTL_ENABLE_DEBUG_INFO = NO;
				MTL_FAST_MATH = YES;
				SDKROOT = iphoneos;
				SWIFT_COMPILATION_MODE = wholemodule;
				SWIFT_OPTIMIZATION_LEVEL = "-O";
				VALIDATE_PRODUCT = YES;
			};
			name = Release;
		};
		912891AD29A3BE3D001659FC /* Debug */ = {
			isa = XCBuildConfiguration;
			buildSettings = {
				ASSETCATALOG_COMPILER_APPICON_NAME = AppIcon;
				ASSETCATALOG_COMPILER_GLOBAL_ACCENT_COLOR_NAME = AccentColor;
				CODE_SIGN_STYLE = Automatic;
				CURRENT_PROJECT_VERSION = 1;
				DEVELOPMENT_TEAM = 9VPKL84SZ9;
				GENERATE_INFOPLIST_FILE = YES;
				INFOPLIST_FILE = ImageFeed/Resources/SupportingFiles/Info.plist;
				INFOPLIST_KEY_NSPhotoLibraryAddUsageDescription = "We need to write photos";
				INFOPLIST_KEY_UIApplicationSupportsIndirectInputEvents = YES;
				INFOPLIST_KEY_UILaunchStoryboardName = LaunchScreen;
				INFOPLIST_KEY_UISupportedInterfaceOrientations = UIInterfaceOrientationPortrait;
				IPHONEOS_DEPLOYMENT_TARGET = 13.0;
				LD_RUNPATH_SEARCH_PATHS = (
					"$(inherited)",
					"@executable_path/Frameworks",
				);
				MARKETING_VERSION = 1.0;
				PRODUCT_BUNDLE_IDENTIFIER = ru.yandex.practicum.nuretdinov;
				PRODUCT_NAME = "$(TARGET_NAME)";
				SUPPORTED_PLATFORMS = "iphoneos iphonesimulator";
				SUPPORTS_MACCATALYST = NO;
				SUPPORTS_MAC_DESIGNED_FOR_IPHONE_IPAD = NO;
				SWIFT_EMIT_LOC_STRINGS = YES;
				SWIFT_VERSION = 5.0;
				TARGETED_DEVICE_FAMILY = 1;
			};
			name = Debug;
		};
		912891AE29A3BE3D001659FC /* Release */ = {
			isa = XCBuildConfiguration;
			buildSettings = {
				ASSETCATALOG_COMPILER_APPICON_NAME = AppIcon;
				ASSETCATALOG_COMPILER_GLOBAL_ACCENT_COLOR_NAME = AccentColor;
				CODE_SIGN_STYLE = Automatic;
				CURRENT_PROJECT_VERSION = 1;
				DEVELOPMENT_TEAM = 5XU4KM63X7;
				GENERATE_INFOPLIST_FILE = YES;
				INFOPLIST_FILE = ImageFeed/Resources/SupportingFiles/Info.plist;
				INFOPLIST_KEY_NSPhotoLibraryAddUsageDescription = "We need to write photos";
				INFOPLIST_KEY_UIApplicationSupportsIndirectInputEvents = YES;
				INFOPLIST_KEY_UILaunchStoryboardName = LaunchScreen;
				INFOPLIST_KEY_UISupportedInterfaceOrientations = UIInterfaceOrientationPortrait;
				IPHONEOS_DEPLOYMENT_TARGET = 13.0;
				LD_RUNPATH_SEARCH_PATHS = (
					"$(inherited)",
					"@executable_path/Frameworks",
				);
				MARKETING_VERSION = 1.0;
				PRODUCT_BUNDLE_IDENTIFIER = ru.yandex.practicum.nuretdinov;
				PRODUCT_NAME = "$(TARGET_NAME)";
				SUPPORTED_PLATFORMS = "iphoneos iphonesimulator";
				SUPPORTS_MACCATALYST = NO;
				SUPPORTS_MAC_DESIGNED_FOR_IPHONE_IPAD = NO;
				SWIFT_EMIT_LOC_STRINGS = YES;
				SWIFT_VERSION = 5.0;
				TARGETED_DEVICE_FAMILY = 1;
			};
			name = Release;
		};
/* End XCBuildConfiguration section */

/* Begin XCConfigurationList section */
		9128919329A3BE3B001659FC /* Build configuration list for PBXProject "ImageFeed" */ = {
			isa = XCConfigurationList;
			buildConfigurations = (
				912891AA29A3BE3D001659FC /* Debug */,
				912891AB29A3BE3D001659FC /* Release */,
			);
			defaultConfigurationIsVisible = 0;
			defaultConfigurationName = Release;
		};
		912891AC29A3BE3D001659FC /* Build configuration list for PBXNativeTarget "ImageFeed" */ = {
			isa = XCConfigurationList;
			buildConfigurations = (
				912891AD29A3BE3D001659FC /* Debug */,
				912891AE29A3BE3D001659FC /* Release */,
			);
			defaultConfigurationIsVisible = 0;
			defaultConfigurationName = Release;
		};
/* End XCConfigurationList section */

/* Begin XCRemoteSwiftPackageReference section */
		916B912829EAE2470089494D /* XCRemoteSwiftPackageReference "ProgressHUD" */ = {
			isa = XCRemoteSwiftPackageReference;
			repositoryURL = "https://github.com/relatedcode/ProgressHUD";
			requirement = {
				kind = upToNextMajorVersion;
				minimumVersion = 13.0.0;
			};
		};
		91D86C9F29F953B900992F7A /* XCRemoteSwiftPackageReference "Kingfisher" */ = {
			isa = XCRemoteSwiftPackageReference;
			repositoryURL = "https://github.com/onevcat/Kingfisher";
			requirement = {
				kind = upToNextMajorVersion;
				minimumVersion = 7.0.0;
			};
		};
		91D86CA229F953F300992F7A /* XCRemoteSwiftPackageReference "SwiftKeychainWrapper" */ = {
			isa = XCRemoteSwiftPackageReference;
			repositoryURL = "https://github.com/jrendel/SwiftKeychainWrapper";
			requirement = {
				kind = upToNextMajorVersion;
				minimumVersion = 4.0.0;
			};
		};
/* End XCRemoteSwiftPackageReference section */

/* Begin XCSwiftPackageProductDependency section */
		916B912929EAE2470089494D /* ProgressHUD */ = {
			isa = XCSwiftPackageProductDependency;
			package = 916B912829EAE2470089494D /* XCRemoteSwiftPackageReference "ProgressHUD" */;
			productName = ProgressHUD;
		};
		91D86CA029F953B900992F7A /* Kingfisher */ = {
			isa = XCSwiftPackageProductDependency;
			package = 91D86C9F29F953B900992F7A /* XCRemoteSwiftPackageReference "Kingfisher" */;
			productName = Kingfisher;
		};
		91D86CA329F953F300992F7A /* SwiftKeychainWrapper */ = {
			isa = XCSwiftPackageProductDependency;
			package = 91D86CA229F953F300992F7A /* XCRemoteSwiftPackageReference "SwiftKeychainWrapper" */;
			productName = SwiftKeychainWrapper;
		};
/* End XCSwiftPackageProductDependency section */
	};
	rootObject = 9128919029A3BE3B001659FC /* Project object */;
}
